<Solution>
  <Folder Name="/tests/">
    <Project Path="tests/Qbs.AcceptanceTests/Qbs.AcceptanceTests.csproj" />
  </Folder>
  <Folder Name="/src/">
    <Project Path="src/Qbs.Api/Qbs.Api.csproj" />
    <Project Path="src/Qbs.Application/Qbs.Application.csproj" />
    <Project Path="src/Qbs.Domain/Qbs.Domain.csproj" />
    <Project Path="src/Qbs.Infrastructure/Qbs.Infrastructure.csproj" />
    <Project Path="src/Qbs.Worker/Qbs.Worker.csproj" />
  </Folder>
</Solution>
